
Microsoft Visual Studio Solution File, Format Version 12.00
# Visual Studio Version 17
VisualStudioVersion = 17.6.33815.320
MinimumVisualStudioVersion = 10.0.40219.1
Project("{FAE04EC0-301F-11D3-BF4B-00C04F79EFBC}") = "VivenciarManager", "VivenciarManager\VivenciarManager.csproj", "{1A4BB9F9-FA15-4814-932E-28A92D953E2B}"
EndProject
Project("{FAE04EC0-301F-11D3-BF4B-00C04F79EFBC}") = "VivenciarManager.Domain", "VivenciarManager.Domain\VivenciarManager.Domain.csproj", "{0DA05F79-6105-41AB-9E2D-11800EEE9F6B}"
EndProject
Project("{FAE04EC0-301F-11D3-BF4B-00C04F79EFBC}") = "VivenciarManager.Infra", "VivenciarManager.Infra\VivenciarManager.Infra.csproj", "{114BA948-9512-4B1B-B824-DC851CAA9ECD}"
EndProject
Global
	GlobalSection(SolutionConfigurationPlatforms) = preSolution
		Debug|Any CPU = Debug|Any CPU
		Release|Any CPU = Release|Any CPU
	EndGlobalSection
	GlobalSection(ProjectConfigurationPlatforms) = postSolution
		{1A4BB9F9-FA15-4814-932E-28A92D953E2B}.Debug|Any CPU.ActiveCfg = Debug|Any CPU
		{1A4BB9F9-FA15-4814-932E-28A92D953E2B}.Debug|Any CPU.Build.0 = Debug|Any CPU
		{1A4BB9F9-FA15-4814-932E-28A92D953E2B}.Release|Any CPU.ActiveCfg = Release|Any CPU
		{1A4BB9F9-FA15-4814-932E-28A92D953E2B}.Release|Any CPU.Build.0 = Release|Any CPU
		{0DA05F79-6105-41AB-9E2D-11800EEE9F6B}.Debug|Any CPU.ActiveCfg = Debug|Any CPU
		{0DA05F79-6105-41AB-9E2D-11800EEE9F6B}.Debug|Any CPU.Build.0 = Debug|Any CPU
		{0DA05F79-6105-41AB-9E2D-11800EEE9F6B}.Release|Any CPU.ActiveCfg = Release|Any CPU
		{0DA05F79-6105-41AB-9E2D-11800EEE9F6B}.Release|Any CPU.Build.0 = Release|Any CPU
		{114BA948-9512-4B1B-B824-DC851CAA9ECD}.Debug|Any CPU.ActiveCfg = Debug|Any CPU
		{114BA948-9512-4B1B-B824-DC851CAA9ECD}.Debug|Any CPU.Build.0 = Debug|Any CPU
		{114BA948-9512-4B1B-B824-DC851CAA9ECD}.Release|Any CPU.ActiveCfg = Release|Any CPU
		{114BA948-9512-4B1B-B824-DC851CAA9ECD}.Release|Any CPU.Build.0 = Release|Any CPU
	EndGlobalSection
	GlobalSection(SolutionProperties) = preSolution
		HideSolutionNode = FALSE
	EndGlobalSection
	GlobalSection(ExtensibilityGlobals) = postSolution
		SolutionGuid = {993B8931-D127-4838-81A4-72AF98857533}
	EndGlobalSection
EndGlobal
